// !$*UTF8*$!
{
	archiveVersion = 1;
	classes = {
	};
	objectVersion = 46;
	objects = {

/* Begin PBXBuildFile section */
		849B758E1AA4A020008529A1 /* AppDelegate.swift in Sources */ = {isa = PBXBuildFile; fileRef = 849B758D1AA4A020008529A1 /* AppDelegate.swift */; };
		849B75901AA4A020008529A1 /* ViewController.swift in Sources */ = {isa = PBXBuildFile; fileRef = 849B758F1AA4A020008529A1 /* ViewController.swift */; };
		849B75931AA4A020008529A1 /* Main.storyboard in Resources */ = {isa = PBXBuildFile; fileRef = 849B75911AA4A020008529A1 /* Main.storyboard */; };
		849B75951AA4A020008529A1 /* Images.xcassets in Resources */ = {isa = PBXBuildFile; fileRef = 849B75941AA4A020008529A1 /* Images.xcassets */; };
		849B75981AA4A020008529A1 /* LaunchScreen.xib in Resources */ = {isa = PBXBuildFile; fileRef = 849B75961AA4A020008529A1 /* LaunchScreen.xib */; };
		849B75A41AA4A020008529A1 /* navControlTests.swift in Sources */ = {isa = PBXBuildFile; fileRef = 849B75A31AA4A020008529A1 /* navControlTests.swift */; };
/* End PBXBuildFile section */

/* Begin PBXContainerItemProxy section */
		849B759E1AA4A020008529A1 /* PBXContainerItemProxy */ = {
			isa = PBXContainerItemProxy;
			containerPortal = 849B75801AA4A020008529A1 /* Project object */;
			proxyType = 1;
			remoteGlobalIDString = 849B75871AA4A020008529A1;
			remoteInfo = navControl;
		};
/* End PBXContainerItemProxy section */

/* Begin PBXFileReference section */
		849B75881AA4A020008529A1 /* navControl.app */ = {isa = PBXFileReference; explicitFileType = wrapper.application; includeInIndex = 0; path = navControl.app; sourceTree = BUILT_PRODUCTS_DIR; };
		849B758C1AA4A020008529A1 /* Info.plist */ = {isa = PBXFileReference; lastKnownFileType = text.plist.xml; path = Info.plist; sourceTree = "<group>"; };
		849B758D1AA4A020008529A1 /* AppDelegate.swift */ = {isa = PBXFileReference; lastKnownFileType = sourcecode.swift; path = AppDelegate.swift; sourceTree = "<group>"; };
		849B758F1AA4A020008529A1 /* ViewController.swift */ = {isa = PBXFileReference; lastKnownFileType = sourcecode.swift; path = ViewController.swift; sourceTree = "<group>"; };
		849B75921AA4A020008529A1 /* Base */ = {isa = PBXFileReference; lastKnownFileType = file.storyboard; name = Base; path = Base.lproj/Main.storyboard; sourceTree = "<group>"; };
		849B75941AA4A020008529A1 /* Images.xcassets */ = {isa = PBXFileReference; lastKnownFileType = folder.assetcatalog; path = Images.xcassets; sourceTree = "<group>"; };
		849B75971AA4A020008529A1 /* Base */ = {isa = PBXFileReference; lastKnownFileType = file.xib; name = Base; path = Base.lproj/LaunchScreen.xib; sourceTree = "<group>"; };
		849B759D1AA4A020008529A1 /* navControlTests.xctest */ = {isa = PBXFileReference; explicitFileType = wrapper.cfbundle; includeInIndex = 0; path = navControlTests.xctest; sourceTree = BUILT_PRODUCTS_DIR; };
		849B75A21AA4A020008529A1 /* Info.plist */ = {isa = PBXFileReference; lastKnownFileType = text.plist.xml; path = Info.plist; sourceTree = "<group>"; };
		849B75A31AA4A020008529A1 /* navControlTests.swift */ = {isa = PBXFileReference; lastKnownFileType = sourcecode.swift; path = navControlTests.swift; sourceTree = "<group>"; };
/* End PBXFileReference section */

/* Begin PBXFrameworksBuildPhase section */
		849B75851AA4A020008529A1 /* Frameworks */ = {
			isa = PBXFrameworksBuildPhase;
			buildActionMask = 2147483647;
			files = (
			);
			runOnlyForDeploymentPostprocessing = 0;
		};
		849B759A1AA4A020008529A1 /* Frameworks */ = {
			isa = PBXFrameworksBuildPhase;
			buildActionMask = 2147483647;
			files = (
			);
			runOnlyForDeploymentPostprocessing = 0;
		};
/* End PBXFrameworksBuildPhase section */

/* Begin PBXGroup section */
		849B757F1AA4A020008529A1 = {
			isa = PBXGroup;
			children = (
				849B758A1AA4A020008529A1 /* navControl */,
				849B75A01AA4A020008529A1 /* navControlTests */,
				849B75891AA4A020008529A1 /* Products */,
			);
			sourceTree = "<group>";
		};
		849B75891AA4A020008529A1 /* Products */ = {
			isa = PBXGroup;
			children = (
				849B75881AA4A020008529A1 /* navControl.app */,
				849B759D1AA4A020008529A1 /* navControlTests.xctest */,
			);
			name = Products;
			sourceTree = "<group>";
		};
		849B758A1AA4A020008529A1 /* navControl */ = {
			isa = PBXGroup;
			children = (
				849B758D1AA4A020008529A1 /* AppDelegate.swift */,
				849B758F1AA4A020008529A1 /* ViewController.swift */,
				849B75911AA4A020008529A1 /* Main.storyboard */,
				849B75941AA4A020008529A1 /* Images.xcassets */,
				849B75961AA4A020008529A1 /* LaunchScreen.xib */,
				849B758B1AA4A020008529A1 /* Supporting Files */,
			);
			path = navControl;
			sourceTree = "<group>";
		};
		849B758B1AA4A020008529A1 /* Supporting Files */ = {
			isa = PBXGroup;
			children = (
				849B758C1AA4A020008529A1 /* Info.plist */,
			);
			name = "Supporting Files";
			sourceTree = "<group>";
		};
		849B75A01AA4A020008529A1 /* navControlTests */ = {
			isa = PBXGroup;
			children = (
				849B75A31AA4A020008529A1 /* navControlTests.swift */,
				849B75A11AA4A020008529A1 /* Supporting Files */,
			);
			path = navControlTests;
			sourceTree = "<group>";
		};
		849B75A11AA4A020008529A1 /* Supporting Files */ = {
			isa = PBXGroup;
			children = (
				849B75A21AA4A020008529A1 /* Info.plist */,
			);
			name = "Supporting Files";
			sourceTree = "<group>";
		};
/* End PBXGroup section */

/* Begin PBXNativeTarget section */
		849B75871AA4A020008529A1 /* navControl */ = {
			isa = PBXNativeTarget;
			buildConfigurationList = 849B75A71AA4A020008529A1 /* Build configuration list for PBXNativeTarget "navControl" */;
			buildPhases = (
				849B75841AA4A020008529A1 /* Sources */,
				849B75851AA4A020008529A1 /* Frameworks */,
				849B75861AA4A020008529A1 /* Resources */,
			);
			buildRules = (
			);
			dependencies = (
			);
			name = navControl;
			productName = navControl;
			productReference = 849B75881AA4A020008529A1 /* navControl.app */;
			productType = "com.apple.product-type.application";
		};
		849B759C1AA4A020008529A1 /* navControlTests */ = {
			isa = PBXNativeTarget;
			buildConfigurationList = 849B75AA1AA4A020008529A1 /* Build configuration list for PBXNativeTarget "navControlTests" */;
			buildPhases = (
				849B75991AA4A020008529A1 /* Sources */,
				849B759A1AA4A020008529A1 /* Frameworks */,
				849B759B1AA4A020008529A1 /* Resources */,
			);
			buildRules = (
			);
			dependencies = (
				849B759F1AA4A020008529A1 /* PBXTargetDependency */,
			);
			name = navControlTests;
			productName = navControlTests;
			productReference = 849B759D1AA4A020008529A1 /* navControlTests.xctest */;
			productType = "com.apple.product-type.bundle.unit-test";
		};
/* End PBXNativeTarget section */

/* Begin PBXProject section */
		849B75801AA4A020008529A1 /* Project object */ = {
			isa = PBXProject;
			attributes = {
				LastUpgradeCheck = 0610;
				ORGANIZATIONNAME = "Weldon Ruan";
				TargetAttributes = {
					849B75871AA4A020008529A1 = {
						CreatedOnToolsVersion = 6.1.1;
					};
					849B759C1AA4A020008529A1 = {
						CreatedOnToolsVersion = 6.1.1;
						TestTargetID = 849B75871AA4A020008529A1;
					};
				};
			};
			buildConfigurationList = 849B75831AA4A020008529A1 /* Build configuration list for PBXProject "navControl" */;
			compatibilityVersion = "Xcode 3.2";
			developmentRegion = English;
			hasScannedForEncodings = 0;
			knownRegions = (
				en,
				Base,
			);
			mainGroup = 849B757F1AA4A020008529A1;
			productRefGroup = 849B75891AA4A020008529A1 /* Products */;
			projectDirPath = "";
			projectRoot = "";
			targets = (
				849B75871AA4A020008529A1 /* navControl */,
				849B759C1AA4A020008529A1 /* navControlTests */,
			);
		};
/* End PBXProject section */

/* Begin PBXResourcesBuildPhase section */
		849B75861AA4A020008529A1 /* Resources */ = {
			isa = PBXResourcesBuildPhase;
			buildActionMask = 2147483647;
			files = (
				849B75931AA4A020008529A1 /* Main.storyboard in Resources */,
				849B75981AA4A020008529A1 /* LaunchScreen.xib in Resources */,
				849B75951AA4A020008529A1 /* Images.xcassets in Resources */,
			);
			runOnlyForDeploymentPostprocessing = 0;
		};
		849B759B1AA4A020008529A1 /* Resources */ = {
			isa = PBXResourcesBuildPhase;
			buildActionMask = 2147483647;
			files = (
			);
			runOnlyForDeploymentPostprocessing = 0;
		};
/* End PBXResourcesBuildPhase section */

/* Begin PBXSourcesBuildPhase section */
		849B75841AA4A020008529A1 /* Sources */ = {
			isa = PBXSourcesBuildPhase;
			buildActionMask = 2147483647;
			files = (
				849B75901AA4A020008529A1 /* ViewController.swift in Sources */,
				849B758E1AA4A020008529A1 /* AppDelegate.swift in Sources */,
			);
			runOnlyForDeploymentPostprocessing = 0;
		};
		849B75991AA4A020008529A1 /* Sources */ = {
			isa = PBXSourcesBuildPhase;
			buildActionMask = 2147483647;
			files = (
				849B75A41AA4A020008529A1 /* navControlTests.swift in Sources */,
			);
			runOnlyForDeploymentPostprocessing = 0;
		};
/* End PBXSourcesBuildPhase section */

/* Begin PBXTargetDependency section */
		849B759F1AA4A020008529A1 /* PBXTargetDependency */ = {
			isa = PBXTargetDependency;
			target = 849B75871AA4A020008529A1 /* navControl */;
			targetProxy = 849B759E1AA4A020008529A1 /* PBXContainerItemProxy */;
		};
/* End PBXTargetDependency section */

/* Begin PBXVariantGroup section */
		849B75911AA4A020008529A1 /* Main.storyboard */ = {
			isa = PBXVariantGroup;
			children = (
				849B75921AA4A020008529A1 /* Base */,
			);
			name = Main.storyboard;
			sourceTree = "<group>";
		};
		849B75961AA4A020008529A1 /* LaunchScreen.xib */ = {
			isa = PBXVariantGroup;
			children = (
				849B75971AA4A020008529A1 /* Base */,
			);
			name = LaunchScreen.xib;
			sourceTree = "<group>";
		};
/* End PBXVariantGroup section */

/* Begin XCBuildConfiguration section */
		849B75A51AA4A020008529A1 /* Debug */ = {
			isa = XCBuildConfiguration;
			buildSettings = {
				ALWAYS_SEARCH_USER_PATHS = NO;
				CLANG_CXX_LANGUAGE_STANDARD = "gnu++0x";
				CLANG_CXX_LIBRARY = "libc++";
				CLANG_ENABLE_MODULES = YES;
				CLANG_ENABLE_OBJC_ARC = YES;
				CLANG_WARN_BOOL_CONVERSION = YES;
				CLANG_WARN_CONSTANT_CONVERSION = YES;
				CLANG_WARN_DIRECT_OBJC_ISA_USAGE = YES_ERROR;
				CLANG_WARN_EMPTY_BODY = YES;
				CLANG_WARN_ENUM_CONVERSION = YES;
				CLANG_WARN_INT_CONVERSION = YES;
				CLANG_WARN_OBJC_ROOT_CLASS = YES_ERROR;
				CLANG_WARN_UNREACHABLE_CODE = YES;
				CLANG_WARN__DUPLICATE_METHOD_MATCH = YES;
				"CODE_SIGN_IDENTITY[sdk=iphoneos*]" = "iPhone Developer";
				COPY_PHASE_STRIP = NO;
				ENABLE_STRICT_OBJC_MSGSEND = YES;
				GCC_C_LANGUAGE_STANDARD = gnu99;
				GCC_DYNAMIC_NO_PIC = NO;
				GCC_OPTIMIZATION_LEVEL = 0;
				GCC_PREPROCESSOR_DEFINITIONS = (
					"DEBUG=1",
					"$(inherited)",
				);
				GCC_SYMBOLS_PRIVATE_EXTERN = NO;
				GCC_WARN_64_TO_32_BIT_CONVERSION = YES;
				GCC_WARN_ABOUT_RETURN_TYPE = YES_ERROR;
				GCC_WARN_UNDECLARED_SELECTOR = YES;
				GCC_WARN_UNINITIALIZED_AUTOS = YES_AGGRESSIVE;
				GCC_WARN_UNUSED_FUNCTION = YES;
				GCC_WARN_UNUSED_VARIABLE = YES;
				IPHONEOS_DEPLOYMENT_TARGET = 8.1;
				MTL_ENABLE_DEBUG_INFO = YES;
				ONLY_ACTIVE_ARCH = YES;
				SDKROOT = iphoneos;
				SWIFT_OPTIMIZATION_LEVEL = "-Onone";
				TARGETED_DEVICE_FAMILY = "1,2";
			};
			name = Debug;
		};
		849B75A61AA4A020008529A1 /* Release */ = {
			isa = XCBuildConfiguration;
			buildSettings = {
				ALWAYS_SEARCH_USER_PATHS = NO;
				CLANG_CXX_LANGUAGE_STANDARD = "gnu++0x";
				CLANG_CXX_LIBRARY = "libc++";
				CLANG_ENABLE_MODULES = YES;
				CLANG_ENABLE_OBJC_ARC = YES;
				CLANG_WARN_BOOL_CONVERSION = YES;
				CLANG_WARN_CONSTANT_CONVERSION = YES;
				CLANG_WARN_DIRECT_OBJC_ISA_USAGE = YES_ERROR;
				CLANG_WARN_EMPTY_BODY = YES;
				CLANG_WARN_ENUM_CONVERSION = YES;
				CLANG_WARN_INT_CONVERSION = YES;
				CLANG_WARN_OBJC_ROOT_CLASS = YES_ERROR;
				CLANG_WARN_UNREACHABLE_CODE = YES;
				CLANG_WARN__DUPLICATE_METHOD_MATCH = YES;
				"CODE_SIGN_IDENTITY[sdk=iphoneos*]" = "iPhone Developer";
				COPY_PHASE_STRIP = YES;
				ENABLE_NS_ASSERTIONS = NO;
				ENABLE_STRICT_OBJC_MSGSEND = YES;
				GCC_C_LANGUAGE_STANDARD = gnu99;
				GCC_WARN_64_TO_32_BIT_CONVERSION = YES;
				GCC_WARN_ABOUT_RETURN_TYPE = YES_ERROR;
				GCC_WARN_UNDECLARED_SELECTOR = YES;
				GCC_WARN_UNINITIALIZED_AUTOS = YES_AGGRESSIVE;
				GCC_WARN_UNUSED_FUNCTION = YES;
				GCC_WARN_UNUSED_VARIABLE = YES;
				IPHONEOS_DEPLOYMENT_TARGET = 8.1;
				MTL_ENABLE_DEBUG_INFO = NO;
				SDKROOT = iphoneos;
				TARGETED_DEVICE_FAMILY = "1,2";
				VALIDATE_PRODUCT = YES;
			};
			name = Release;
		};
		849B75A81AA4A020008529A1 /* Debug */ = {
			isa = XCBuildConfiguration;
			buildSettings = {
				ASSETCATALOG_COMPILER_APPICON_NAME = AppIcon;
				INFOPLIST_FILE = navControl/Info.plist;
				LD_RUNPATH_SEARCH_PATHS = "$(inherited) @executable_path/Frameworks";
				PRODUCT_NAME = "$(TARGET_NAME)";
			};
			name = Debug;
		};
		849B75A91AA4A020008529A1 /* Release */ = {
			isa = XCBuildConfiguration;
			buildSettings = {
				ASSETCATALOG_COMPILER_APPICON_NAME = AppIcon;
				INFOPLIST_FILE = navControl/Info.plist;
				LD_RUNPATH_SEARCH_PATHS = "$(inherited) @executable_path/Frameworks";
				PRODUCT_NAME = "$(TARGET_NAME)";
			};
			name = Release;
		};
		849B75AB1AA4A020008529A1 /* Debug */ = {
			isa = XCBuildConfiguration;
			buildSettings = {
				BUNDLE_LOADER = "$(TEST_HOST)";
				FRAMEWORK_SEARCH_PATHS = (
					"$(SDKROOT)/Developer/Library/Frameworks",
					"$(inherited)",
				);
				GCC_PREPROCESSOR_DEFINITIONS = (
					"DEBUG=1",
					"$(inherited)",
				);
				INFOPLIST_FILE = navControlTests/Info.plist;
				LD_RUNPATH_SEARCH_PATHS = "$(inherited) @executable_path/Frameworks @loader_path/Frameworks";
				PRODUCT_NAME = "$(TARGET_NAME)";
				TEST_HOST = "$(BUILT_PRODUCTS_DIR)/navControl.app/navControl";
			};
			name = Debug;
		};
		849B75AC1AA4A020008529A1 /* Release */ = {
			isa = XCBuildConfiguration;
			buildSettings = {
				BUNDLE_LOADER = "$(TEST_HOST)";
				FRAMEWORK_SEARCH_PATHS = (
					"$(SDKROOT)/Developer/Library/Frameworks",
					"$(inherited)",
				);
				INFOPLIST_FILE = navControlTests/Info.plist;
				LD_RUNPATH_SEARCH_PATHS = "$(inherited) @executable_path/Frameworks @loader_path/Frameworks";
				PRODUCT_NAME = "$(TARGET_NAME)";
				TEST_HOST = "$(BUILT_PRODUCTS_DIR)/navControl.app/navControl";
			};
			name = Release;
		};
/* End XCBuildConfiguration section */

/* Begin XCConfigurationList section */
		849B75831AA4A020008529A1 /* Build configuration list for PBXProject "navControl" */ = {
			isa = XCConfigurationList;
			buildConfigurations = (
				849B75A51AA4A020008529A1 /* Debug */,
				849B75A61AA4A020008529A1 /* Release */,
			);
			defaultConfigurationIsVisible = 0;
			defaultConfigurationName = Release;
		};
		849B75A71AA4A020008529A1 /* Build configuration list for PBXNativeTarget "navControl" */ = {
			isa = XCConfigurationList;
			buildConfigurations = (
				849B75A81AA4A020008529A1 /* Debug */,
				849B75A91AA4A020008529A1 /* Release */,
			);
			defaultConfigurationIsVisible = 0;
		};
		849B75AA1AA4A020008529A1 /* Build configuration list for PBXNativeTarget "navControlTests" */ = {
			isa = XCConfigurationList;
			buildConfigurations = (
				849B75AB1AA4A020008529A1 /* Debug */,
				849B75AC1AA4A020008529A1 /* Release */,
			);
			defaultConfigurationIsVisible = 0;
		};
/* End XCConfigurationList section */
	};
	rootObject = 849B75801AA4A020008529A1 /* Project object */;
}
